// !$*UTF8*$!
{
	archiveVersion = 1;
	classes = {
	};
	objectVersion = 50;
	objects = {

/* Begin PBXBuildFile section */
		50A7B8E728A49D29000EF1C9 /* PersonViewController.swift in Sources */ = {isa = PBXBuildFile; fileRef = 50A7B8E628A49D29000EF1C9 /* PersonViewController.swift */; };
		50D6268428A3233100112777 /* AppDelegate.swift in Sources */ = {isa = PBXBuildFile; fileRef = 50D6268328A3233100112777 /* AppDelegate.swift */; };
		50D6268628A3233100112777 /* SceneDelegate.swift in Sources */ = {isa = PBXBuildFile; fileRef = 50D6268528A3233100112777 /* SceneDelegate.swift */; };
		50D6268828A3233100112777 /* PeopleViewController.swift in Sources */ = {isa = PBXBuildFile; fileRef = 50D6268728A3233100112777 /* PeopleViewController.swift */; };
		50D6268B28A3233100112777 /* Main.storyboard in Resources */ = {isa = PBXBuildFile; fileRef = 50D6268928A3233100112777 /* Main.storyboard */; };
		50D6268D28A3233300112777 /* Assets.xcassets in Resources */ = {isa = PBXBuildFile; fileRef = 50D6268C28A3233300112777 /* Assets.xcassets */; };
		50D6269028A3233300112777 /* LaunchScreen.storyboard in Resources */ = {isa = PBXBuildFile; fileRef = 50D6268E28A3233300112777 /* LaunchScreen.storyboard */; };
		50D6269B28A3233400112777 /* PracticalChallengeTests.swift in Sources */ = {isa = PBXBuildFile; fileRef = 50D6269A28A3233400112777 /* PracticalChallengeTests.swift */; };
		50D626A628A3233400112777 /* PracticalChallengeUITests.swift in Sources */ = {isa = PBXBuildFile; fileRef = 50D626A528A3233400112777 /* PracticalChallengeUITests.swift */; };
		50D626B728A3364800112777 /* Person.swift in Sources */ = {isa = PBXBuildFile; fileRef = 50D626B628A3364800112777 /* Person.swift */; };
		50D626BC28A3394B00112777 /* NetworkManager.swift in Sources */ = {isa = PBXBuildFile; fileRef = 50D626BB28A3394B00112777 /* NetworkManager.swift */; };
		50D626C128A33B4700112777 /* PersonModel.swift in Sources */ = {isa = PBXBuildFile; fileRef = 50D626C028A33B4700112777 /* PersonModel.swift */; };
/* End PBXBuildFile section */

/* Begin PBXContainerItemProxy section */
		50D6269728A3233400112777 /* PBXContainerItemProxy */ = {
			isa = PBXContainerItemProxy;
			containerPortal = 50D6267828A3233000112777 /* Project object */;
			proxyType = 1;
			remoteGlobalIDString = 50D6267F28A3233000112777;
			remoteInfo = PracticalChallenge;
		};
		50D626A228A3233400112777 /* PBXContainerItemProxy */ = {
			isa = PBXContainerItemProxy;
			containerPortal = 50D6267828A3233000112777 /* Project object */;
			proxyType = 1;
			remoteGlobalIDString = 50D6267F28A3233000112777;
			remoteInfo = PracticalChallenge;
		};
/* End PBXContainerItemProxy section */

/* Begin PBXFileReference section */
		50A7B8E628A49D29000EF1C9 /* PersonViewController.swift */ = {isa = PBXFileReference; lastKnownFileType = sourcecode.swift; path = PersonViewController.swift; sourceTree = "<group>"; };
		50D6268028A3233000112777 /* PracticalChallenge.app */ = {isa = PBXFileReference; explicitFileType = wrapper.application; includeInIndex = 0; path = PracticalChallenge.app; sourceTree = BUILT_PRODUCTS_DIR; };
		50D6268328A3233100112777 /* AppDelegate.swift */ = {isa = PBXFileReference; lastKnownFileType = sourcecode.swift; path = AppDelegate.swift; sourceTree = "<group>"; };
		50D6268528A3233100112777 /* SceneDelegate.swift */ = {isa = PBXFileReference; lastKnownFileType = sourcecode.swift; path = SceneDelegate.swift; sourceTree = "<group>"; };
		50D6268728A3233100112777 /* PeopleViewController.swift */ = {isa = PBXFileReference; lastKnownFileType = sourcecode.swift; path = PeopleViewController.swift; sourceTree = "<group>"; };
		50D6268A28A3233100112777 /* Base */ = {isa = PBXFileReference; lastKnownFileType = file.storyboard; name = Base; path = Base.lproj/Main.storyboard; sourceTree = "<group>"; };
		50D6268C28A3233300112777 /* Assets.xcassets */ = {isa = PBXFileReference; lastKnownFileType = folder.assetcatalog; path = Assets.xcassets; sourceTree = "<group>"; };
		50D6268F28A3233300112777 /* Base */ = {isa = PBXFileReference; lastKnownFileType = file.storyboard; name = Base; path = Base.lproj/LaunchScreen.storyboard; sourceTree = "<group>"; };
		50D6269128A3233300112777 /* Info.plist */ = {isa = PBXFileReference; lastKnownFileType = text.plist.xml; path = Info.plist; sourceTree = "<group>"; };
		50D6269628A3233400112777 /* PracticalChallengeTests.xctest */ = {isa = PBXFileReference; explicitFileType = wrapper.cfbundle; includeInIndex = 0; path = PracticalChallengeTests.xctest; sourceTree = BUILT_PRODUCTS_DIR; };
		50D6269A28A3233400112777 /* PracticalChallengeTests.swift */ = {isa = PBXFileReference; lastKnownFileType = sourcecode.swift; path = PracticalChallengeTests.swift; sourceTree = "<group>"; };
		50D6269C28A3233400112777 /* Info.plist */ = {isa = PBXFileReference; lastKnownFileType = text.plist.xml; path = Info.plist; sourceTree = "<group>"; };
		50D626A128A3233400112777 /* PracticalChallengeUITests.xctest */ = {isa = PBXFileReference; explicitFileType = wrapper.cfbundle; includeInIndex = 0; path = PracticalChallengeUITests.xctest; sourceTree = BUILT_PRODUCTS_DIR; };
		50D626A528A3233400112777 /* PracticalChallengeUITests.swift */ = {isa = PBXFileReference; lastKnownFileType = sourcecode.swift; path = PracticalChallengeUITests.swift; sourceTree = "<group>"; };
		50D626A728A3233400112777 /* Info.plist */ = {isa = PBXFileReference; lastKnownFileType = text.plist.xml; path = Info.plist; sourceTree = "<group>"; };
		50D626B628A3364800112777 /* Person.swift */ = {isa = PBXFileReference; lastKnownFileType = sourcecode.swift; path = Person.swift; sourceTree = "<group>"; };
		50D626BB28A3394B00112777 /* NetworkManager.swift */ = {isa = PBXFileReference; lastKnownFileType = sourcecode.swift; path = NetworkManager.swift; sourceTree = "<group>"; };
		50D626C028A33B4700112777 /* PersonModel.swift */ = {isa = PBXFileReference; lastKnownFileType = sourcecode.swift; path = PersonModel.swift; sourceTree = "<group>"; };
/* End PBXFileReference section */

/* Begin PBXFrameworksBuildPhase section */
		50D6267D28A3233000112777 /* Frameworks */ = {
			isa = PBXFrameworksBuildPhase;
			buildActionMask = 2147483647;
			files = (
			);
			runOnlyForDeploymentPostprocessing = 0;
		};
		50D6269328A3233400112777 /* Frameworks */ = {
			isa = PBXFrameworksBuildPhase;
			buildActionMask = 2147483647;
			files = (
			);
			runOnlyForDeploymentPostprocessing = 0;
		};
		50D6269E28A3233400112777 /* Frameworks */ = {
			isa = PBXFrameworksBuildPhase;
			buildActionMask = 2147483647;
			files = (
			);
			runOnlyForDeploymentPostprocessing = 0;
		};
/* End PBXFrameworksBuildPhase section */

/* Begin PBXGroup section */
		50A7B8E228A49CDC000EF1C9 /* ViewControllers */ = {
			isa = PBXGroup;
			children = (
				50D6268728A3233100112777 /* PeopleViewController.swift */,
				50A7B8E628A49D29000EF1C9 /* PersonViewController.swift */,
			);
			path = ViewControllers;
			sourceTree = "<group>";
		};
		50D6267728A3233000112777 = {
			isa = PBXGroup;
			children = (
				50D6268228A3233000112777 /* PracticalChallenge */,
				50D6269928A3233400112777 /* PracticalChallengeTests */,
				50D626A428A3233400112777 /* PracticalChallengeUITests */,
				50D6268128A3233000112777 /* Products */,
			);
			sourceTree = "<group>";
		};
		50D6268128A3233000112777 /* Products */ = {
			isa = PBXGroup;
			children = (
				50D6268028A3233000112777 /* PracticalChallenge.app */,
				50D6269628A3233400112777 /* PracticalChallengeTests.xctest */,
				50D626A128A3233400112777 /* PracticalChallengeUITests.xctest */,
			);
			name = Products;
			sourceTree = "<group>";
		};
		50D6268228A3233000112777 /* PracticalChallenge */ = {
			isa = PBXGroup;
			children = (
				50A7B8E228A49CDC000EF1C9 /* ViewControllers */,
				50D6268328A3233100112777 /* AppDelegate.swift */,
				50D6268528A3233100112777 /* SceneDelegate.swift */,
				50D626B628A3364800112777 /* Person.swift */,
				50D626C028A33B4700112777 /* PersonModel.swift */,
				50D626BB28A3394B00112777 /* NetworkManager.swift */,
				50D6268928A3233100112777 /* Main.storyboard */,
				50D6268C28A3233300112777 /* Assets.xcassets */,
				50D6268E28A3233300112777 /* LaunchScreen.storyboard */,
				50D6269128A3233300112777 /* Info.plist */,
			);
			path = PracticalChallenge;
			sourceTree = "<group>";
		};
		50D6269928A3233400112777 /* PracticalChallengeTests */ = {
			isa = PBXGroup;
			children = (
				50D6269A28A3233400112777 /* PracticalChallengeTests.swift */,
				50D6269C28A3233400112777 /* Info.plist */,
			);
			path = PracticalChallengeTests;
			sourceTree = "<group>";
		};
		50D626A428A3233400112777 /* PracticalChallengeUITests */ = {
			isa = PBXGroup;
			children = (
				50D626A528A3233400112777 /* PracticalChallengeUITests.swift */,
				50D626A728A3233400112777 /* Info.plist */,
			);
			path = PracticalChallengeUITests;
			sourceTree = "<group>";
		};
/* End PBXGroup section */

/* Begin PBXNativeTarget section */
		50D6267F28A3233000112777 /* PracticalChallenge */ = {
			isa = PBXNativeTarget;
			buildConfigurationList = 50D626AA28A3233400112777 /* Build configuration list for PBXNativeTarget "PracticalChallenge" */;
			buildPhases = (
				50D6267C28A3233000112777 /* Sources */,
				50D6267D28A3233000112777 /* Frameworks */,
				50D6267E28A3233000112777 /* Resources */,
			);
			buildRules = (
			);
			dependencies = (
			);
			name = PracticalChallenge;
			productName = PracticalChallenge;
			productReference = 50D6268028A3233000112777 /* PracticalChallenge.app */;
			productType = "com.apple.product-type.application";
		};
		50D6269528A3233400112777 /* PracticalChallengeTests */ = {
			isa = PBXNativeTarget;
			buildConfigurationList = 50D626AD28A3233400112777 /* Build configuration list for PBXNativeTarget "PracticalChallengeTests" */;
			buildPhases = (
				50D6269228A3233400112777 /* Sources */,
				50D6269328A3233400112777 /* Frameworks */,
				50D6269428A3233400112777 /* Resources */,
			);
			buildRules = (
			);
			dependencies = (
				50D6269828A3233400112777 /* PBXTargetDependency */,
			);
			name = PracticalChallengeTests;
			productName = PracticalChallengeTests;
			productReference = 50D6269628A3233400112777 /* PracticalChallengeTests.xctest */;
			productType = "com.apple.product-type.bundle.unit-test";
		};
		50D626A028A3233400112777 /* PracticalChallengeUITests */ = {
			isa = PBXNativeTarget;
			buildConfigurationList = 50D626B028A3233400112777 /* Build configuration list for PBXNativeTarget "PracticalChallengeUITests" */;
			buildPhases = (
				50D6269D28A3233400112777 /* Sources */,
				50D6269E28A3233400112777 /* Frameworks */,
				50D6269F28A3233400112777 /* Resources */,
			);
			buildRules = (
			);
			dependencies = (
				50D626A328A3233400112777 /* PBXTargetDependency */,
			);
			name = PracticalChallengeUITests;
			productName = PracticalChallengeUITests;
			productReference = 50D626A128A3233400112777 /* PracticalChallengeUITests.xctest */;
			productType = "com.apple.product-type.bundle.ui-testing";
		};
/* End PBXNativeTarget section */

/* Begin PBXProject section */
		50D6267828A3233000112777 /* Project object */ = {
			isa = PBXProject;
			attributes = {
				LastSwiftUpdateCheck = 1240;
				LastUpgradeCheck = 1240;
				TargetAttributes = {
					50D6267F28A3233000112777 = {
						CreatedOnToolsVersion = 12.4;
					};
					50D6269528A3233400112777 = {
						CreatedOnToolsVersion = 12.4;
						TestTargetID = 50D6267F28A3233000112777;
					};
					50D626A028A3233400112777 = {
						CreatedOnToolsVersion = 12.4;
						TestTargetID = 50D6267F28A3233000112777;
					};
				};
			};
			buildConfigurationList = 50D6267B28A3233000112777 /* Build configuration list for PBXProject "PracticalChallenge" */;
			compatibilityVersion = "Xcode 9.3";
			developmentRegion = en;
			hasScannedForEncodings = 0;
			knownRegions = (
				en,
				Base,
			);
			mainGroup = 50D6267728A3233000112777;
			productRefGroup = 50D6268128A3233000112777 /* Products */;
			projectDirPath = "";
			projectRoot = "";
			targets = (
				50D6267F28A3233000112777 /* PracticalChallenge */,
				50D6269528A3233400112777 /* PracticalChallengeTests */,
				50D626A028A3233400112777 /* PracticalChallengeUITests */,
			);
		};
/* End PBXProject section */

/* Begin PBXResourcesBuildPhase section */
		50D6267E28A3233000112777 /* Resources */ = {
			isa = PBXResourcesBuildPhase;
			buildActionMask = 2147483647;
			files = (
				50D6269028A3233300112777 /* LaunchScreen.storyboard in Resources */,
				50D6268D28A3233300112777 /* Assets.xcassets in Resources */,
				50D6268B28A3233100112777 /* Main.storyboard in Resources */,
			);
			runOnlyForDeploymentPostprocessing = 0;
		};
		50D6269428A3233400112777 /* Resources */ = {
			isa = PBXResourcesBuildPhase;
			buildActionMask = 2147483647;
			files = (
			);
			runOnlyForDeploymentPostprocessing = 0;
		};
		50D6269F28A3233400112777 /* Resources */ = {
			isa = PBXResourcesBuildPhase;
			buildActionMask = 2147483647;
			files = (
			);
			runOnlyForDeploymentPostprocessing = 0;
		};
/* End PBXResourcesBuildPhase section */

/* Begin PBXSourcesBuildPhase section */
		50D6267C28A3233000112777 /* Sources */ = {
			isa = PBXSourcesBuildPhase;
			buildActionMask = 2147483647;
			files = (
				50D626C128A33B4700112777 /* PersonModel.swift in Sources */,
				50D6268828A3233100112777 /* PeopleViewController.swift in Sources */,
				50D6268428A3233100112777 /* AppDelegate.swift in Sources */,
				50D626BC28A3394B00112777 /* NetworkManager.swift in Sources */,
				50D626B728A3364800112777 /* Person.swift in Sources */,
				50D6268628A3233100112777 /* SceneDelegate.swift in Sources */,
				50A7B8E728A49D29000EF1C9 /* PersonViewController.swift in Sources */,
			);
			runOnlyForDeploymentPostprocessing = 0;
		};
		50D6269228A3233400112777 /* Sources */ = {
			isa = PBXSourcesBuildPhase;
			buildActionMask = 2147483647;
			files = (
				50D6269B28A3233400112777 /* PracticalChallengeTests.swift in Sources */,
			);
			runOnlyForDeploymentPostprocessing = 0;
		};
		50D6269D28A3233400112777 /* Sources */ = {
			isa = PBXSourcesBuildPhase;
			buildActionMask = 2147483647;
			files = (
				50D626A628A3233400112777 /* PracticalChallengeUITests.swift in Sources */,
			);
			runOnlyForDeploymentPostprocessing = 0;
		};
/* End PBXSourcesBuildPhase section */

/* Begin PBXTargetDependency section */
		50D6269828A3233400112777 /* PBXTargetDependency */ = {
			isa = PBXTargetDependency;
			target = 50D6267F28A3233000112777 /* PracticalChallenge */;
			targetProxy = 50D6269728A3233400112777 /* PBXContainerItemProxy */;
		};
		50D626A328A3233400112777 /* PBXTargetDependency */ = {
			isa = PBXTargetDependency;
			target = 50D6267F28A3233000112777 /* PracticalChallenge */;
			targetProxy = 50D626A228A3233400112777 /* PBXContainerItemProxy */;
		};
/* End PBXTargetDependency section */

/* Begin PBXVariantGroup section */
		50D6268928A3233100112777 /* Main.storyboard */ = {
			isa = PBXVariantGroup;
			children = (
				50D6268A28A3233100112777 /* Base */,
			);
			name = Main.storyboard;
			sourceTree = "<group>";
		};
		50D6268E28A3233300112777 /* LaunchScreen.storyboard */ = {
			isa = PBXVariantGroup;
			children = (
				50D6268F28A3233300112777 /* Base */,
			);
			name = LaunchScreen.storyboard;
			sourceTree = "<group>";
		};
/* End PBXVariantGroup section */

/* Begin XCBuildConfiguration section */
		50D626A828A3233400112777 /* Debug */ = {
			isa = XCBuildConfiguration;
			buildSettings = {
				ALWAYS_SEARCH_USER_PATHS = NO;
				CLANG_ANALYZER_NONNULL = YES;
				CLANG_ANALYZER_NUMBER_OBJECT_CONVERSION = YES_AGGRESSIVE;
				CLANG_CXX_LANGUAGE_STANDARD = "gnu++14";
				CLANG_CXX_LIBRARY = "libc++";
				CLANG_ENABLE_MODULES = YES;
				CLANG_ENABLE_OBJC_ARC = YES;
				CLANG_ENABLE_OBJC_WEAK = YES;
				CLANG_WARN_BLOCK_CAPTURE_AUTORELEASING = YES;
				CLANG_WARN_BOOL_CONVERSION = YES;
				CLANG_WARN_COMMA = YES;
				CLANG_WARN_CONSTANT_CONVERSION = YES;
				CLANG_WARN_DEPRECATED_OBJC_IMPLEMENTATIONS = YES;
				CLANG_WARN_DIRECT_OBJC_ISA_USAGE = YES_ERROR;
				CLANG_WARN_DOCUMENTATION_COMMENTS = YES;
				CLANG_WARN_EMPTY_BODY = YES;
				CLANG_WARN_ENUM_CONVERSION = YES;
				CLANG_WARN_INFINITE_RECURSION = YES;
				CLANG_WARN_INT_CONVERSION = YES;
				CLANG_WARN_NON_LITERAL_NULL_CONVERSION = YES;
				CLANG_WARN_OBJC_IMPLICIT_RETAIN_SELF = YES;
				CLANG_WARN_OBJC_LITERAL_CONVERSION = YES;
				CLANG_WARN_OBJC_ROOT_CLASS = YES_ERROR;
				CLANG_WARN_QUOTED_INCLUDE_IN_FRAMEWORK_HEADER = YES;
				CLANG_WARN_RANGE_LOOP_ANALYSIS = YES;
				CLANG_WARN_STRICT_PROTOTYPES = YES;
				CLANG_WARN_SUSPICIOUS_MOVE = YES;
				CLANG_WARN_UNGUARDED_AVAILABILITY = YES_AGGRESSIVE;
				CLANG_WARN_UNREACHABLE_CODE = YES;
				CLANG_WARN__DUPLICATE_METHOD_MATCH = YES;
				COPY_PHASE_STRIP = NO;
				DEBUG_INFORMATION_FORMAT = dwarf;
				ENABLE_STRICT_OBJC_MSGSEND = YES;
				ENABLE_TESTABILITY = YES;
				GCC_C_LANGUAGE_STANDARD = gnu11;
				GCC_DYNAMIC_NO_PIC = NO;
				GCC_NO_COMMON_BLOCKS = YES;
				GCC_OPTIMIZATION_LEVEL = 0;
				GCC_PREPROCESSOR_DEFINITIONS = (
					"DEBUG=1",
					"$(inherited)",
				);
				GCC_WARN_64_TO_32_BIT_CONVERSION = YES;
				GCC_WARN_ABOUT_RETURN_TYPE = YES_ERROR;
				GCC_WARN_UNDECLARED_SELECTOR = YES;
				GCC_WARN_UNINITIALIZED_AUTOS = YES_AGGRESSIVE;
				GCC_WARN_UNUSED_FUNCTION = YES;
				GCC_WARN_UNUSED_VARIABLE = YES;
				IPHONEOS_DEPLOYMENT_TARGET = 14.4;
				MTL_ENABLE_DEBUG_INFO = INCLUDE_SOURCE;
				MTL_FAST_MATH = YES;
				ONLY_ACTIVE_ARCH = YES;
				SDKROOT = iphoneos;
				SWIFT_ACTIVE_COMPILATION_CONDITIONS = DEBUG;
				SWIFT_OPTIMIZATION_LEVEL = "-Onone";
			};
			name = Debug;
		};
		50D626A928A3233400112777 /* Release */ = {
			isa = XCBuildConfiguration;
			buildSettings = {
				ALWAYS_SEARCH_USER_PATHS = NO;
				CLANG_ANALYZER_NONNULL = YES;
				CLANG_ANALYZER_NUMBER_OBJECT_CONVERSION = YES_AGGRESSIVE;
				CLANG_CXX_LANGUAGE_STANDARD = "gnu++14";
				CLANG_CXX_LIBRARY = "libc++";
				CLANG_ENABLE_MODULES = YES;
				CLANG_ENABLE_OBJC_ARC = YES;
				CLANG_ENABLE_OBJC_WEAK = YES;
				CLANG_WARN_BLOCK_CAPTURE_AUTORELEASING = YES;
				CLANG_WARN_BOOL_CONVERSION = YES;
				CLANG_WARN_COMMA = YES;
				CLANG_WARN_CONSTANT_CONVERSION = YES;
				CLANG_WARN_DEPRECATED_OBJC_IMPLEMENTATIONS = YES;
				CLANG_WARN_DIRECT_OBJC_ISA_USAGE = YES_ERROR;
				CLANG_WARN_DOCUMENTATION_COMMENTS = YES;
				CLANG_WARN_EMPTY_BODY = YES;
				CLANG_WARN_ENUM_CONVERSION = YES;
				CLANG_WARN_INFINITE_RECURSION = YES;
				CLANG_WARN_INT_CONVERSION = YES;
				CLANG_WARN_NON_LITERAL_NULL_CONVERSION = YES;
				CLANG_WARN_OBJC_IMPLICIT_RETAIN_SELF = YES;
				CLANG_WARN_OBJC_LITERAL_CONVERSION = YES;
				CLANG_WARN_OBJC_ROOT_CLASS = YES_ERROR;
				CLANG_WARN_QUOTED_INCLUDE_IN_FRAMEWORK_HEADER = YES;
				CLANG_WARN_RANGE_LOOP_ANALYSIS = YES;
				CLANG_WARN_STRICT_PROTOTYPES = YES;
				CLANG_WARN_SUSPICIOUS_MOVE = YES;
				CLANG_WARN_UNGUARDED_AVAILABILITY = YES_AGGRESSIVE;
				CLANG_WARN_UNREACHABLE_CODE = YES;
				CLANG_WARN__DUPLICATE_METHOD_MATCH = YES;
				COPY_PHASE_STRIP = NO;
				DEBUG_INFORMATION_FORMAT = "dwarf-with-dsym";
				ENABLE_NS_ASSERTIONS = NO;
				ENABLE_STRICT_OBJC_MSGSEND = YES;
				GCC_C_LANGUAGE_STANDARD = gnu11;
				GCC_NO_COMMON_BLOCKS = YES;
				GCC_WARN_64_TO_32_BIT_CONVERSION = YES;
				GCC_WARN_ABOUT_RETURN_TYPE = YES_ERROR;
				GCC_WARN_UNDECLARED_SELECTOR = YES;
				GCC_WARN_UNINITIALIZED_AUTOS = YES_AGGRESSIVE;
				GCC_WARN_UNUSED_FUNCTION = YES;
				GCC_WARN_UNUSED_VARIABLE = YES;
				IPHONEOS_DEPLOYMENT_TARGET = 14.4;
				MTL_ENABLE_DEBUG_INFO = NO;
				MTL_FAST_MATH = YES;
				SDKROOT = iphoneos;
				SWIFT_COMPILATION_MODE = wholemodule;
				SWIFT_OPTIMIZATION_LEVEL = "-O";
				VALIDATE_PRODUCT = YES;
			};
			name = Release;
		};
		50D626AB28A3233400112777 /* Debug */ = {
			isa = XCBuildConfiguration;
			buildSettings = {
				ASSETCATALOG_COMPILER_APPICON_NAME = AppIcon;
				ASSETCATALOG_COMPILER_GLOBAL_ACCENT_COLOR_NAME = AccentColor;
				CODE_SIGN_STYLE = Automatic;
				DEVELOPMENT_TEAM = P6R5HS8ZN4;
				INFOPLIST_FILE = PracticalChallenge/Info.plist;
				LD_RUNPATH_SEARCH_PATHS = (
					"$(inherited)",
					"@executable_path/Frameworks",
				);
				PRODUCT_BUNDLE_IDENTIFIER = maxpw.PracticalChallenge;
				PRODUCT_NAME = "$(TARGET_NAME)";
				SWIFT_VERSION = 5.0;
				TARGETED_DEVICE_FAMILY = "1,2";
			};
			name = Debug;
		};
		50D626AC28A3233400112777 /* Release */ = {
			isa = XCBuildConfiguration;
			buildSettings = {
				ASSETCATALOG_COMPILER_APPICON_NAME = AppIcon;
				ASSETCATALOG_COMPILER_GLOBAL_ACCENT_COLOR_NAME = AccentColor;
				CODE_SIGN_STYLE = Automatic;
				DEVELOPMENT_TEAM = P6R5HS8ZN4;
				INFOPLIST_FILE = PracticalChallenge/Info.plist;
				LD_RUNPATH_SEARCH_PATHS = (
					"$(inherited)",
					"@executable_path/Frameworks",
				);
				PRODUCT_BUNDLE_IDENTIFIER = maxpw.PracticalChallenge;
				PRODUCT_NAME = "$(TARGET_NAME)";
				SWIFT_VERSION = 5.0;
				TARGETED_DEVICE_FAMILY = "1,2";
			};
			name = Release;
		};
		50D626AE28A3233400112777 /* Debug */ = {
			isa = XCBuildConfiguration;
			buildSettings = {
				ALWAYS_EMBED_SWIFT_STANDARD_LIBRARIES = YES;
				BUNDLE_LOADER = "$(TEST_HOST)";
				CODE_SIGN_STYLE = Automatic;
				DEVELOPMENT_TEAM = P6R5HS8ZN4;
				INFOPLIST_FILE = PracticalChallengeTests/Info.plist;
				IPHONEOS_DEPLOYMENT_TARGET = 14.4;
				LD_RUNPATH_SEARCH_PATHS = (
					"$(inherited)",
					"@executable_path/Frameworks",
					"@loader_path/Frameworks",
				);
				PRODUCT_BUNDLE_IDENTIFIER = maxpw.PracticalChallengeTests;
				PRODUCT_NAME = "$(TARGET_NAME)";
				SWIFT_VERSION = 5.0;
				TARGETED_DEVICE_FAMILY = "1,2";
				TEST_HOST = "$(BUILT_PRODUCTS_DIR)/PracticalChallenge.app/PracticalChallenge";
			};
			name = Debug;
		};
		50D626AF28A3233400112777 /* Release */ = {
			isa = XCBuildConfiguration;
			buildSettings = {
				ALWAYS_EMBED_SWIFT_STANDARD_LIBRARIES = YES;
				BUNDLE_LOADER = "$(TEST_HOST)";
				CODE_SIGN_STYLE = Automatic;
				DEVELOPMENT_TEAM = P6R5HS8ZN4;
				INFOPLIST_FILE = PracticalChallengeTests/Info.plist;
				IPHONEOS_DEPLOYMENT_TARGET = 14.4;
				LD_RUNPATH_SEARCH_PATHS = (
					"$(inherited)",
					"@executable_path/Frameworks",
					"@loader_path/Frameworks",
				);
				PRODUCT_BUNDLE_IDENTIFIER = maxpw.PracticalChallengeTests;
				PRODUCT_NAME = "$(TARGET_NAME)";
				SWIFT_VERSION = 5.0;
				TARGETED_DEVICE_FAMILY = "1,2";
				TEST_HOST = "$(BUILT_PRODUCTS_DIR)/PracticalChallenge.app/PracticalChallenge";
			};
			name = Release;
		};
		50D626B128A3233400112777 /* Debug */ = {
			isa = XCBuildConfiguration;
			buildSettings = {
				ALWAYS_EMBED_SWIFT_STANDARD_LIBRARIES = YES;
				CODE_SIGN_STYLE = Automatic;
				DEVELOPMENT_TEAM = P6R5HS8ZN4;
				INFOPLIST_FILE = PracticalChallengeUITests/Info.plist;
				LD_RUNPATH_SEARCH_PATHS = (
					"$(inherited)",
					"@executable_path/Frameworks",
					"@loader_path/Frameworks",
				);
				PRODUCT_BUNDLE_IDENTIFIER = maxpw.PracticalChallengeUITests;
				PRODUCT_NAME = "$(TARGET_NAME)";
				SWIFT_VERSION = 5.0;
				TARGETED_DEVICE_FAMILY = "1,2";
				TEST_TARGET_NAME = PracticalChallenge;
			};
			name = Debug;
		};
		50D626B228A3233400112777 /* Release */ = {
			isa = XCBuildConfiguration;
			buildSettings = {
				ALWAYS_EMBED_SWIFT_STANDARD_LIBRARIES = YES;
				CODE_SIGN_STYLE = Automatic;
				DEVELOPMENT_TEAM = P6R5HS8ZN4;
				INFOPLIST_FILE = PracticalChallengeUITests/Info.plist;
				LD_RUNPATH_SEARCH_PATHS = (
					"$(inherited)",
					"@executable_path/Frameworks",
					"@loader_path/Frameworks",
				);
				PRODUCT_BUNDLE_IDENTIFIER = maxpw.PracticalChallengeUITests;
				PRODUCT_NAME = "$(TARGET_NAME)";
				SWIFT_VERSION = 5.0;
				TARGETED_DEVICE_FAMILY = "1,2";
				TEST_TARGET_NAME = PracticalChallenge;
			};
			name = Release;
		};
/* End XCBuildConfiguration section */

/* Begin XCConfigurationList section */
		50D6267B28A3233000112777 /* Build configuration list for PBXProject "PracticalChallenge" */ = {
			isa = XCConfigurationList;
			buildConfigurations = (
				50D626A828A3233400112777 /* Debug */,
				50D626A928A3233400112777 /* Release */,
			);
			defaultConfigurationIsVisible = 0;
			defaultConfigurationName = Release;
		};
		50D626AA28A3233400112777 /* Build configuration list for PBXNativeTarget "PracticalChallenge" */ = {
			isa = XCConfigurationList;
			buildConfigurations = (
				50D626AB28A3233400112777 /* Debug */,
				50D626AC28A3233400112777 /* Release */,
			);
			defaultConfigurationIsVisible = 0;
			defaultConfigurationName = Release;
		};
		50D626AD28A3233400112777 /* Build configuration list for PBXNativeTarget "PracticalChallengeTests" */ = {
			isa = XCConfigurationList;
			buildConfigurations = (
				50D626AE28A3233400112777 /* Debug */,
				50D626AF28A3233400112777 /* Release */,
			);
			defaultConfigurationIsVisible = 0;
			defaultConfigurationName = Release;
		};
		50D626B028A3233400112777 /* Build configuration list for PBXNativeTarget "PracticalChallengeUITests" */ = {
			isa = XCConfigurationList;
			buildConfigurations = (
				50D626B128A3233400112777 /* Debug */,
				50D626B228A3233400112777 /* Release */,
			);
			defaultConfigurationIsVisible = 0;
			defaultConfigurationName = Release;
		};
/* End XCConfigurationList section */
	};
	rootObject = 50D6267828A3233000112777 /* Project object */;
}
